// !$*UTF8*$!
{
	archiveVersion = 1;
	classes = {
	};
	objectVersion = 55;
	objects = {

/* Begin PBXBuildFile section */
		A24BAEA928BA1BBF00F67DF1 /* AppDelegate.swift in Sources */ = {isa = PBXBuildFile; fileRef = A24BAEA828BA1BBF00F67DF1 /* AppDelegate.swift */; };
		A24BAEAB28BA1BBF00F67DF1 /* SceneDelegate.swift in Sources */ = {isa = PBXBuildFile; fileRef = A24BAEAA28BA1BBF00F67DF1 /* SceneDelegate.swift */; };
		A24BAEAD28BA1BBF00F67DF1 /* ViewController.swift in Sources */ = {isa = PBXBuildFile; fileRef = A24BAEAC28BA1BBF00F67DF1 /* ViewController.swift */; };
		A24BAEB028BA1BBF00F67DF1 /* Main.storyboard in Resources */ = {isa = PBXBuildFile; fileRef = A24BAEAE28BA1BBF00F67DF1 /* Main.storyboard */; };
		A24BAEB228BA1BC100F67DF1 /* Assets.xcassets in Resources */ = {isa = PBXBuildFile; fileRef = A24BAEB128BA1BC100F67DF1 /* Assets.xcassets */; };
		A24BAEB528BA1BC100F67DF1 /* LaunchScreen.storyboard in Resources */ = {isa = PBXBuildFile; fileRef = A24BAEB328BA1BC100F67DF1 /* LaunchScreen.storyboard */; };
		A24BAEC028BA1BC100F67DF1 /* PreworkTests.swift in Sources */ = {isa = PBXBuildFile; fileRef = A24BAEBF28BA1BC100F67DF1 /* PreworkTests.swift */; };
		A24BAECA28BA1BC100F67DF1 /* PreworkUITests.swift in Sources */ = {isa = PBXBuildFile; fileRef = A24BAEC928BA1BC100F67DF1 /* PreworkUITests.swift */; };
		A24BAECC28BA1BC100F67DF1 /* PreworkUITestsLaunchTests.swift in Sources */ = {isa = PBXBuildFile; fileRef = A24BAECB28BA1BC100F67DF1 /* PreworkUITestsLaunchTests.swift */; };
/* End PBXBuildFile section */

/* Begin PBXContainerItemProxy section */
		A24BAEBC28BA1BC100F67DF1 /* PBXContainerItemProxy */ = {
			isa = PBXContainerItemProxy;
			containerPortal = A24BAE9D28BA1BBF00F67DF1 /* Project object */;
			proxyType = 1;
			remoteGlobalIDString = A24BAEA428BA1BBF00F67DF1;
			remoteInfo = Prework;
		};
		A24BAEC628BA1BC100F67DF1 /* PBXContainerItemProxy */ = {
			isa = PBXContainerItemProxy;
			containerPortal = A24BAE9D28BA1BBF00F67DF1 /* Project object */;
			proxyType = 1;
			remoteGlobalIDString = A24BAEA428BA1BBF00F67DF1;
			remoteInfo = Prework;
		};
/* End PBXContainerItemProxy section */

/* Begin PBXFileReference section */
		A24BAEA528BA1BBF00F67DF1 /* Prework.app */ = {isa = PBXFileReference; explicitFileType = wrapper.application; includeInIndex = 0; path = Prework.app; sourceTree = BUILT_PRODUCTS_DIR; };
		A24BAEA828BA1BBF00F67DF1 /* AppDelegate.swift */ = {isa = PBXFileReference; lastKnownFileType = sourcecode.swift; path = AppDelegate.swift; sourceTree = "<group>"; };
		A24BAEAA28BA1BBF00F67DF1 /* SceneDelegate.swift */ = {isa = PBXFileReference; lastKnownFileType = sourcecode.swift; path = SceneDelegate.swift; sourceTree = "<group>"; };
		A24BAEAC28BA1BBF00F67DF1 /* ViewController.swift */ = {isa = PBXFileReference; lastKnownFileType = sourcecode.swift; path = ViewController.swift; sourceTree = "<group>"; };
		A24BAEAF28BA1BBF00F67DF1 /* Base */ = {isa = PBXFileReference; lastKnownFileType = file.storyboard; name = Base; path = Base.lproj/Main.storyboard; sourceTree = "<group>"; };
		A24BAEB128BA1BC100F67DF1 /* Assets.xcassets */ = {isa = PBXFileReference; lastKnownFileType = folder.assetcatalog; path = Assets.xcassets; sourceTree = "<group>"; };
		A24BAEB428BA1BC100F67DF1 /* Base */ = {isa = PBXFileReference; lastKnownFileType = file.storyboard; name = Base; path = Base.lproj/LaunchScreen.storyboard; sourceTree = "<group>"; };
		A24BAEB628BA1BC100F67DF1 /* Info.plist */ = {isa = PBXFileReference; lastKnownFileType = text.plist.xml; path = Info.plist; sourceTree = "<group>"; };
		A24BAEBB28BA1BC100F67DF1 /* PreworkTests.xctest */ = {isa = PBXFileReference; explicitFileType = wrapper.cfbundle; includeInIndex = 0; path = PreworkTests.xctest; sourceTree = BUILT_PRODUCTS_DIR; };
		A24BAEBF28BA1BC100F67DF1 /* PreworkTests.swift */ = {isa = PBXFileReference; lastKnownFileType = sourcecode.swift; path = PreworkTests.swift; sourceTree = "<group>"; };
		A24BAEC528BA1BC100F67DF1 /* PreworkUITests.xctest */ = {isa = PBXFileReference; explicitFileType = wrapper.cfbundle; includeInIndex = 0; path = PreworkUITests.xctest; sourceTree = BUILT_PRODUCTS_DIR; };
		A24BAEC928BA1BC100F67DF1 /* PreworkUITests.swift */ = {isa = PBXFileReference; lastKnownFileType = sourcecode.swift; path = PreworkUITests.swift; sourceTree = "<group>"; };
		A24BAECB28BA1BC100F67DF1 /* PreworkUITestsLaunchTests.swift */ = {isa = PBXFileReference; lastKnownFileType = sourcecode.swift; path = PreworkUITestsLaunchTests.swift; sourceTree = "<group>"; };
/* End PBXFileReference section */

/* Begin PBXFrameworksBuildPhase section */
		A24BAEA228BA1BBF00F67DF1 /* Frameworks */ = {
			isa = PBXFrameworksBuildPhase;
			buildActionMask = 2147483647;
			files = (
			);
			runOnlyForDeploymentPostprocessing = 0;
		};
		A24BAEB828BA1BC100F67DF1 /* Frameworks */ = {
			isa = PBXFrameworksBuildPhase;
			buildActionMask = 2147483647;
			files = (
			);
			runOnlyForDeploymentPostprocessing = 0;
		};
		A24BAEC228BA1BC100F67DF1 /* Frameworks */ = {
			isa = PBXFrameworksBuildPhase;
			buildActionMask = 2147483647;
			files = (
			);
			runOnlyForDeploymentPostprocessing = 0;
		};
/* End PBXFrameworksBuildPhase section */

/* Begin PBXGroup section */
		A24BAE9C28BA1BBF00F67DF1 = {
			isa = PBXGroup;
			children = (
				A24BAEA728BA1BBF00F67DF1 /* Prework */,
				A24BAEBE28BA1BC100F67DF1 /* PreworkTests */,
				A24BAEC828BA1BC100F67DF1 /* PreworkUITests */,
				A24BAEA628BA1BBF00F67DF1 /* Products */,
			);
			sourceTree = "<group>";
		};
		A24BAEA628BA1BBF00F67DF1 /* Products */ = {
			isa = PBXGroup;
			children = (
				A24BAEA528BA1BBF00F67DF1 /* Prework.app */,
				A24BAEBB28BA1BC100F67DF1 /* PreworkTests.xctest */,
				A24BAEC528BA1BC100F67DF1 /* PreworkUITests.xctest */,
			);
			name = Products;
			sourceTree = "<group>";
		};
		A24BAEA728BA1BBF00F67DF1 /* Prework */ = {
			isa = PBXGroup;
			children = (
				A24BAEA828BA1BBF00F67DF1 /* AppDelegate.swift */,
				A24BAEAA28BA1BBF00F67DF1 /* SceneDelegate.swift */,
				A24BAEAC28BA1BBF00F67DF1 /* ViewController.swift */,
				A24BAEAE28BA1BBF00F67DF1 /* Main.storyboard */,
				A24BAEB128BA1BC100F67DF1 /* Assets.xcassets */,
				A24BAEB328BA1BC100F67DF1 /* LaunchScreen.storyboard */,
				A24BAEB628BA1BC100F67DF1 /* Info.plist */,
			);
			path = Prework;
			sourceTree = "<group>";
		};
		A24BAEBE28BA1BC100F67DF1 /* PreworkTests */ = {
			isa = PBXGroup;
			children = (
				A24BAEBF28BA1BC100F67DF1 /* PreworkTests.swift */,
			);
			path = PreworkTests;
			sourceTree = "<group>";
		};
		A24BAEC828BA1BC100F67DF1 /* PreworkUITests */ = {
			isa = PBXGroup;
			children = (
				A24BAEC928BA1BC100F67DF1 /* PreworkUITests.swift */,
				A24BAECB28BA1BC100F67DF1 /* PreworkUITestsLaunchTests.swift */,
			);
			path = PreworkUITests;
			sourceTree = "<group>";
		};
/* End PBXGroup section */

/* Begin PBXNativeTarget section */
		A24BAEA428BA1BBF00F67DF1 /* Prework */ = {
			isa = PBXNativeTarget;
			buildConfigurationList = A24BAECF28BA1BC100F67DF1 /* Build configuration list for PBXNativeTarget "Prework" */;
			buildPhases = (
				A24BAEA128BA1BBF00F67DF1 /* Sources */,
				A24BAEA228BA1BBF00F67DF1 /* Frameworks */,
				A24BAEA328BA1BBF00F67DF1 /* Resources */,
			);
			buildRules = (
			);
			dependencies = (
			);
			name = Prework;
			productName = Prework;
			productReference = A24BAEA528BA1BBF00F67DF1 /* Prework.app */;
			productType = "com.apple.product-type.application";
		};
		A24BAEBA28BA1BC100F67DF1 /* PreworkTests */ = {
			isa = PBXNativeTarget;
			buildConfigurationList = A24BAED228BA1BC100F67DF1 /* Build configuration list for PBXNativeTarget "PreworkTests" */;
			buildPhases = (
				A24BAEB728BA1BC100F67DF1 /* Sources */,
				A24BAEB828BA1BC100F67DF1 /* Frameworks */,
				A24BAEB928BA1BC100F67DF1 /* Resources */,
			);
			buildRules = (
			);
			dependencies = (
				A24BAEBD28BA1BC100F67DF1 /* PBXTargetDependency */,
			);
			name = PreworkTests;
			productName = PreworkTests;
			productReference = A24BAEBB28BA1BC100F67DF1 /* PreworkTests.xctest */;
			productType = "com.apple.product-type.bundle.unit-test";
		};
		A24BAEC428BA1BC100F67DF1 /* PreworkUITests */ = {
			isa = PBXNativeTarget;
			buildConfigurationList = A24BAED528BA1BC100F67DF1 /* Build configuration list for PBXNativeTarget "PreworkUITests" */;
			buildPhases = (
				A24BAEC128BA1BC100F67DF1 /* Sources */,
				A24BAEC228BA1BC100F67DF1 /* Frameworks */,
				A24BAEC328BA1BC100F67DF1 /* Resources */,
			);
			buildRules = (
			);
			dependencies = (
				A24BAEC728BA1BC100F67DF1 /* PBXTargetDependency */,
			);
			name = PreworkUITests;
			productName = PreworkUITests;
			productReference = A24BAEC528BA1BC100F67DF1 /* PreworkUITests.xctest */;
			productType = "com.apple.product-type.bundle.ui-testing";
		};
/* End PBXNativeTarget section */

/* Begin PBXProject section */
		A24BAE9D28BA1BBF00F67DF1 /* Project object */ = {
			isa = PBXProject;
			attributes = {
				BuildIndependentTargetsInParallel = 1;
				LastSwiftUpdateCheck = 1340;
				LastUpgradeCheck = 1340;
				TargetAttributes = {
					A24BAEA428BA1BBF00F67DF1 = {
						CreatedOnToolsVersion = 13.4.1;
					};
					A24BAEBA28BA1BC100F67DF1 = {
						CreatedOnToolsVersion = 13.4.1;
						TestTargetID = A24BAEA428BA1BBF00F67DF1;
					};
					A24BAEC428BA1BC100F67DF1 = {
						CreatedOnToolsVersion = 13.4.1;
						TestTargetID = A24BAEA428BA1BBF00F67DF1;
					};
				};
			};
			buildConfigurationList = A24BAEA028BA1BBF00F67DF1 /* Build configuration list for PBXProject "Prework" */;
			compatibilityVersion = "Xcode 13.0";
			developmentRegion = en;
			hasScannedForEncodings = 0;
			knownRegions = (
				en,
				Base,
			);
			mainGroup = A24BAE9C28BA1BBF00F67DF1;
			productRefGroup = A24BAEA628BA1BBF00F67DF1 /* Products */;
			projectDirPath = "";
			projectRoot = "";
			targets = (
				A24BAEA428BA1BBF00F67DF1 /* Prework */,
				A24BAEBA28BA1BC100F67DF1 /* PreworkTests */,
				A24BAEC428BA1BC100F67DF1 /* PreworkUITests */,
			);
		};
/* End PBXProject section */

/* Begin PBXResourcesBuildPhase section */
		A24BAEA328BA1BBF00F67DF1 /* Resources */ = {
			isa = PBXResourcesBuildPhase;
			buildActionMask = 2147483647;
			files = (
				A24BAEB528BA1BC100F67DF1 /* LaunchScreen.storyboard in Resources */,
				A24BAEB228BA1BC100F67DF1 /* Assets.xcassets in Resources */,
				A24BAEB028BA1BBF00F67DF1 /* Main.storyboard in Resources */,
			);
			runOnlyForDeploymentPostprocessing = 0;
		};
		A24BAEB928BA1BC100F67DF1 /* Resources */ = {
			isa = PBXResourcesBuildPhase;
			buildActionMask = 2147483647;
			files = (
			);
			runOnlyForDeploymentPostprocessing = 0;
		};
		A24BAEC328BA1BC100F67DF1 /* Resources */ = {
			isa = PBXResourcesBuildPhase;
			buildActionMask = 2147483647;
			files = (
			);
			runOnlyForDeploymentPostprocessing = 0;
		};
/* End PBXResourcesBuildPhase section */

/* Begin PBXSourcesBuildPhase section */
		A24BAEA128BA1BBF00F67DF1 /* Sources */ = {
			isa = PBXSourcesBuildPhase;
			buildActionMask = 2147483647;
			files = (
				A24BAEAD28BA1BBF00F67DF1 /* ViewController.swift in Sources */,
				A24BAEA928BA1BBF00F67DF1 /* AppDelegate.swift in Sources */,
				A24BAEAB28BA1BBF00F67DF1 /* SceneDelegate.swift in Sources */,
			);
			runOnlyForDeploymentPostprocessing = 0;
		};
		A24BAEB728BA1BC100F67DF1 /* Sources */ = {
			isa = PBXSourcesBuildPhase;
			buildActionMask = 2147483647;
			files = (
				A24BAEC028BA1BC100F67DF1 /* PreworkTests.swift in Sources */,
			);
			runOnlyForDeploymentPostprocessing = 0;
		};
		A24BAEC128BA1BC100F67DF1 /* Sources */ = {
			isa = PBXSourcesBuildPhase;
			buildActionMask = 2147483647;
			files = (
				A24BAECA28BA1BC100F67DF1 /* PreworkUITests.swift in Sources */,
				A24BAECC28BA1BC100F67DF1 /* PreworkUITestsLaunchTests.swift in Sources */,
			);
			runOnlyForDeploymentPostprocessing = 0;
		};
/* End PBXSourcesBuildPhase section */

/* Begin PBXTargetDependency section */
		A24BAEBD28BA1BC100F67DF1 /* PBXTargetDependency */ = {
			isa = PBXTargetDependency;
			target = A24BAEA428BA1BBF00F67DF1 /* Prework */;
			targetProxy = A24BAEBC28BA1BC100F67DF1 /* PBXContainerItemProxy */;
		};
		A24BAEC728BA1BC100F67DF1 /* PBXTargetDependency */ = {
			isa = PBXTargetDependency;
			target = A24BAEA428BA1BBF00F67DF1 /* Prework */;
			targetProxy = A24BAEC628BA1BC100F67DF1 /* PBXContainerItemProxy */;
		};
/* End PBXTargetDependency section */

/* Begin PBXVariantGroup section */
		A24BAEAE28BA1BBF00F67DF1 /* Main.storyboard */ = {
			isa = PBXVariantGroup;
			children = (
				A24BAEAF28BA1BBF00F67DF1 /* Base */,
			);
			name = Main.storyboard;
			sourceTree = "<group>";
		};
		A24BAEB328BA1BC100F67DF1 /* LaunchScreen.storyboard */ = {
			isa = PBXVariantGroup;
			children = (
				A24BAEB428BA1BC100F67DF1 /* Base */,
			);
			name = LaunchScreen.storyboard;
			sourceTree = "<group>";
		};
/* End PBXVariantGroup section */

/* Begin XCBuildConfiguration section */
		A24BAECD28BA1BC100F67DF1 /* Debug */ = {
			isa = XCBuildConfiguration;
			buildSettings = {
				ALWAYS_SEARCH_USER_PATHS = NO;
				CLANG_ANALYZER_NONNULL = YES;
				CLANG_ANALYZER_NUMBER_OBJECT_CONVERSION = YES_AGGRESSIVE;
				CLANG_CXX_LANGUAGE_STANDARD = "gnu++17";
				CLANG_ENABLE_MODULES = YES;
				CLANG_ENABLE_OBJC_ARC = YES;
				CLANG_ENABLE_OBJC_WEAK = YES;
				CLANG_WARN_BLOCK_CAPTURE_AUTORELEASING = YES;
				CLANG_WARN_BOOL_CONVERSION = YES;
				CLANG_WARN_COMMA = YES;
				CLANG_WARN_CONSTANT_CONVERSION = YES;
				CLANG_WARN_DEPRECATED_OBJC_IMPLEMENTATIONS = YES;
				CLANG_WARN_DIRECT_OBJC_ISA_USAGE = YES_ERROR;
				CLANG_WARN_DOCUMENTATION_COMMENTS = YES;
				CLANG_WARN_EMPTY_BODY = YES;
				CLANG_WARN_ENUM_CONVERSION = YES;
				CLANG_WARN_INFINITE_RECURSION = YES;
				CLANG_WARN_INT_CONVERSION = YES;
				CLANG_WARN_NON_LITERAL_NULL_CONVERSION = YES;
				CLANG_WARN_OBJC_IMPLICIT_RETAIN_SELF = YES;
				CLANG_WARN_OBJC_LITERAL_CONVERSION = YES;
				CLANG_WARN_OBJC_ROOT_CLASS = YES_ERROR;
				CLANG_WARN_QUOTED_INCLUDE_IN_FRAMEWORK_HEADER = YES;
				CLANG_WARN_RANGE_LOOP_ANALYSIS = YES;
				CLANG_WARN_STRICT_PROTOTYPES = YES;
				CLANG_WARN_SUSPICIOUS_MOVE = YES;
				CLANG_WARN_UNGUARDED_AVAILABILITY = YES_AGGRESSIVE;
				CLANG_WARN_UNREACHABLE_CODE = YES;
				CLANG_WARN__DUPLICATE_METHOD_MATCH = YES;
				COPY_PHASE_STRIP = NO;
				DEBUG_INFORMATION_FORMAT = dwarf;
				ENABLE_STRICT_OBJC_MSGSEND = YES;
				ENABLE_TESTABILITY = YES;
				GCC_C_LANGUAGE_STANDARD = gnu11;
				GCC_DYNAMIC_NO_PIC = NO;
				GCC_NO_COMMON_BLOCKS = YES;
				GCC_OPTIMIZATION_LEVEL = 0;
				GCC_PREPROCESSOR_DEFINITIONS = (
					"DEBUG=1",
					"$(inherited)",
				);
				GCC_WARN_64_TO_32_BIT_CONVERSION = YES;
				GCC_WARN_ABOUT_RETURN_TYPE = YES_ERROR;
				GCC_WARN_UNDECLARED_SELECTOR = YES;
				GCC_WARN_UNINITIALIZED_AUTOS = YES_AGGRESSIVE;
				GCC_WARN_UNUSED_FUNCTION = YES;
				GCC_WARN_UNUSED_VARIABLE = YES;
				IPHONEOS_DEPLOYMENT_TARGET = 15.5;
				MTL_ENABLE_DEBUG_INFO = INCLUDE_SOURCE;
				MTL_FAST_MATH = YES;
				ONLY_ACTIVE_ARCH = YES;
				SDKROOT = iphoneos;
				SWIFT_ACTIVE_COMPILATION_CONDITIONS = DEBUG;
				SWIFT_OPTIMIZATION_LEVEL = "-Onone";
			};
			name = Debug;
		};
		A24BAECE28BA1BC100F67DF1 /* Release */ = {
			isa = XCBuildConfiguration;
			buildSettings = {
				ALWAYS_SEARCH_USER_PATHS = NO;
				CLANG_ANALYZER_NONNULL = YES;
				CLANG_ANALYZER_NUMBER_OBJECT_CONVERSION = YES_AGGRESSIVE;
				CLANG_CXX_LANGUAGE_STANDARD = "gnu++17";
				CLANG_ENABLE_MODULES = YES;
				CLANG_ENABLE_OBJC_ARC = YES;
				CLANG_ENABLE_OBJC_WEAK = YES;
				CLANG_WARN_BLOCK_CAPTURE_AUTORELEASING = YES;
				CLANG_WARN_BOOL_CONVERSION = YES;
				CLANG_WARN_COMMA = YES;
				CLANG_WARN_CONSTANT_CONVERSION = YES;
				CLANG_WARN_DEPRECATED_OBJC_IMPLEMENTATIONS = YES;
				CLANG_WARN_DIRECT_OBJC_ISA_USAGE = YES_ERROR;
				CLANG_WARN_DOCUMENTATION_COMMENTS = YES;
				CLANG_WARN_EMPTY_BODY = YES;
				CLANG_WARN_ENUM_CONVERSION = YES;
				CLANG_WARN_INFINITE_RECURSION = YES;
				CLANG_WARN_INT_CONVERSION = YES;
				CLANG_WARN_NON_LITERAL_NULL_CONVERSION = YES;
				CLANG_WARN_OBJC_IMPLICIT_RETAIN_SELF = YES;
				CLANG_WARN_OBJC_LITERAL_CONVERSION = YES;
				CLANG_WARN_OBJC_ROOT_CLASS = YES_ERROR;
				CLANG_WARN_QUOTED_INCLUDE_IN_FRAMEWORK_HEADER = YES;
				CLANG_WARN_RANGE_LOOP_ANALYSIS = YES;
				CLANG_WARN_STRICT_PROTOTYPES = YES;
				CLANG_WARN_SUSPICIOUS_MOVE = YES;
				CLANG_WARN_UNGUARDED_AVAILABILITY = YES_AGGRESSIVE;
				CLANG_WARN_UNREACHABLE_CODE = YES;
				CLANG_WARN__DUPLICATE_METHOD_MATCH = YES;
				COPY_PHASE_STRIP = NO;
				DEBUG_INFORMATION_FORMAT = "dwarf-with-dsym";
				ENABLE_NS_ASSERTIONS = NO;
				ENABLE_STRICT_OBJC_MSGSEND = YES;
				GCC_C_LANGUAGE_STANDARD = gnu11;
				GCC_NO_COMMON_BLOCKS = YES;
				GCC_WARN_64_TO_32_BIT_CONVERSION = YES;
				GCC_WARN_ABOUT_RETURN_TYPE = YES_ERROR;
				GCC_WARN_UNDECLARED_SELECTOR = YES;
				GCC_WARN_UNINITIALIZED_AUTOS = YES_AGGRESSIVE;
				GCC_WARN_UNUSED_FUNCTION = YES;
				GCC_WARN_UNUSED_VARIABLE = YES;
				IPHONEOS_DEPLOYMENT_TARGET = 15.5;
				MTL_ENABLE_DEBUG_INFO = NO;
				MTL_FAST_MATH = YES;
				SDKROOT = iphoneos;
				SWIFT_COMPILATION_MODE = wholemodule;
				SWIFT_OPTIMIZATION_LEVEL = "-O";
				VALIDATE_PRODUCT = YES;
			};
			name = Release;
		};
		A24BAED028BA1BC100F67DF1 /* Debug */ = {
			isa = XCBuildConfiguration;
			buildSettings = {
				ASSETCATALOG_COMPILER_APPICON_NAME = AppIcon;
				ASSETCATALOG_COMPILER_GLOBAL_ACCENT_COLOR_NAME = AccentColor;
				CODE_SIGN_STYLE = Automatic;
				CURRENT_PROJECT_VERSION = 1;
				GENERATE_INFOPLIST_FILE = YES;
				INFOPLIST_FILE = Prework/Info.plist;
				INFOPLIST_KEY_UIApplicationSupportsIndirectInputEvents = YES;
				INFOPLIST_KEY_UILaunchStoryboardName = LaunchScreen;
				INFOPLIST_KEY_UIMainStoryboardFile = Main;
				INFOPLIST_KEY_UISupportedInterfaceOrientations_iPad = "UIInterfaceOrientationPortrait UIInterfaceOrientationPortraitUpsideDown UIInterfaceOrientationLandscapeLeft UIInterfaceOrientationLandscapeRight";
				INFOPLIST_KEY_UISupportedInterfaceOrientations_iPhone = "UIInterfaceOrientationPortrait UIInterfaceOrientationLandscapeLeft UIInterfaceOrientationLandscapeRight";
				LD_RUNPATH_SEARCH_PATHS = (
					"$(inherited)",
					"@executable_path/Frameworks",
				);
				MARKETING_VERSION = 1.0;
				PRODUCT_BUNDLE_IDENTIFIER = memo.com.Prework;
				PRODUCT_NAME = "$(TARGET_NAME)";
				SWIFT_EMIT_LOC_STRINGS = YES;
				SWIFT_VERSION = 5.0;
				TARGETED_DEVICE_FAMILY = "1,2";
			};
			name = Debug;
		};
		A24BAED128BA1BC100F67DF1 /* Release */ = {
			isa = XCBuildConfiguration;
			buildSettings = {
				ASSETCATALOG_COMPILER_APPICON_NAME = AppIcon;
				ASSETCATALOG_COMPILER_GLOBAL_ACCENT_COLOR_NAME = AccentColor;
				CODE_SIGN_STYLE = Automatic;
				CURRENT_PROJECT_VERSION = 1;
				GENERATE_INFOPLIST_FILE = YES;
				INFOPLIST_FILE = Prework/Info.plist;
				INFOPLIST_KEY_UIApplicationSupportsIndirectInputEvents = YES;
				INFOPLIST_KEY_UILaunchStoryboardName = LaunchScreen;
				INFOPLIST_KEY_UIMainStoryboardFile = Main;
				INFOPLIST_KEY_UISupportedInterfaceOrientations_iPad = "UIInterfaceOrientationPortrait UIInterfaceOrientationPortraitUpsideDown UIInterfaceOrientationLandscapeLeft UIInterfaceOrientationLandscapeRight";
				INFOPLIST_KEY_UISupportedInterfaceOrientations_iPhone = "UIInterfaceOrientationPortrait UIInterfaceOrientationLandscapeLeft UIInterfaceOrientationLandscapeRight";
				LD_RUNPATH_SEARCH_PATHS = (
					"$(inherited)",
					"@executable_path/Frameworks",
				);
				MARKETING_VERSION = 1.0;
				PRODUCT_BUNDLE_IDENTIFIER = memo.com.Prework;
				PRODUCT_NAME = "$(TARGET_NAME)";
				SWIFT_EMIT_LOC_STRINGS = YES;
				SWIFT_VERSION = 5.0;
				TARGETED_DEVICE_FAMILY = "1,2";
			};
			name = Release;
		};
		A24BAED328BA1BC100F67DF1 /* Debug */ = {
			isa = XCBuildConfiguration;
			buildSettings = {
				ALWAYS_EMBED_SWIFT_STANDARD_LIBRARIES = YES;
				BUNDLE_LOADER = "$(TEST_HOST)";
				CODE_SIGN_STYLE = Automatic;
				CURRENT_PROJECT_VERSION = 1;
				GENERATE_INFOPLIST_FILE = YES;
				IPHONEOS_DEPLOYMENT_TARGET = 15.5;
				MARKETING_VERSION = 1.0;
				PRODUCT_BUNDLE_IDENTIFIER = memo.com.PreworkTests;
				PRODUCT_NAME = "$(TARGET_NAME)";
				SWIFT_EMIT_LOC_STRINGS = NO;
				SWIFT_VERSION = 5.0;
				TARGETED_DEVICE_FAMILY = "1,2";
				TEST_HOST = "$(BUILT_PRODUCTS_DIR)/Prework.app/Prework";
			};
			name = Debug;
		};
		A24BAED428BA1BC100F67DF1 /* Release */ = {
			isa = XCBuildConfiguration;
			buildSettings = {
				ALWAYS_EMBED_SWIFT_STANDARD_LIBRARIES = YES;
				BUNDLE_LOADER = "$(TEST_HOST)";
				CODE_SIGN_STYLE = Automatic;
				CURRENT_PROJECT_VERSION = 1;
				GENERATE_INFOPLIST_FILE = YES;
				IPHONEOS_DEPLOYMENT_TARGET = 15.5;
				MARKETING_VERSION = 1.0;
				PRODUCT_BUNDLE_IDENTIFIER = memo.com.PreworkTests;
				PRODUCT_NAME = "$(TARGET_NAME)";
				SWIFT_EMIT_LOC_STRINGS = NO;
				SWIFT_VERSION = 5.0;
				TARGETED_DEVICE_FAMILY = "1,2";
				TEST_HOST = "$(BUILT_PRODUCTS_DIR)/Prework.app/Prework";
			};
			name = Release;
		};
		A24BAED628BA1BC100F67DF1 /* Debug */ = {
			isa = XCBuildConfiguration;
			buildSettings = {
				ALWAYS_EMBED_SWIFT_STANDARD_LIBRARIES = YES;
				CODE_SIGN_STYLE = Automatic;
				CURRENT_PROJECT_VERSION = 1;
				GENERATE_INFOPLIST_FILE = YES;
				MARKETING_VERSION = 1.0;
				PRODUCT_BUNDLE_IDENTIFIER = memo.com.PreworkUITests;
				PRODUCT_NAME = "$(TARGET_NAME)";
				SWIFT_EMIT_LOC_STRINGS = NO;
				SWIFT_VERSION = 5.0;
				TARGETED_DEVICE_FAMILY = "1,2";
				TEST_TARGET_NAME = Prework;
			};
			name = Debug;
		};
		A24BAED728BA1BC100F67DF1 /* Release */ = {
			isa = XCBuildConfiguration;
			buildSettings = {
				ALWAYS_EMBED_SWIFT_STANDARD_LIBRARIES = YES;
				CODE_SIGN_STYLE = Automatic;
				CURRENT_PROJECT_VERSION = 1;
				GENERATE_INFOPLIST_FILE = YES;
				MARKETING_VERSION = 1.0;
				PRODUCT_BUNDLE_IDENTIFIER = memo.com.PreworkUITests;
				PRODUCT_NAME = "$(TARGET_NAME)";
				SWIFT_EMIT_LOC_STRINGS = NO;
				SWIFT_VERSION = 5.0;
				TARGETED_DEVICE_FAMILY = "1,2";
				TEST_TARGET_NAME = Prework;
			};
			name = Release;
		};
/* End XCBuildConfiguration section */

/* Begin XCConfigurationList section */
		A24BAEA028BA1BBF00F67DF1 /* Build configuration list for PBXProject "Prework" */ = {
			isa = XCConfigurationList;
			buildConfigurations = (
				A24BAECD28BA1BC100F67DF1 /* Debug */,
				A24BAECE28BA1BC100F67DF1 /* Release */,
			);
			defaultConfigurationIsVisible = 0;
			defaultConfigurationName = Release;
		};
		A24BAECF28BA1BC100F67DF1 /* Build configuration list for PBXNativeTarget "Prework" */ = {
			isa = XCConfigurationList;
			buildConfigurations = (
				A24BAED028BA1BC100F67DF1 /* Debug */,
				A24BAED128BA1BC100F67DF1 /* Release */,
			);
			defaultConfigurationIsVisible = 0;
			defaultConfigurationName = Release;
		};
		A24BAED228BA1BC100F67DF1 /* Build configuration list for PBXNativeTarget "PreworkTests" */ = {
			isa = XCConfigurationList;
			buildConfigurations = (
				A24BAED328BA1BC100F67DF1 /* Debug */,
				A24BAED428BA1BC100F67DF1 /* Release */,
			);
			defaultConfigurationIsVisible = 0;
			defaultConfigurationName = Release;
		};
		A24BAED528BA1BC100F67DF1 /* Build configuration list for PBXNativeTarget "PreworkUITests" */ = {
			isa = XCConfigurationList;
			buildConfigurations = (
				A24BAED628BA1BC100F67DF1 /* Debug */,
				A24BAED728BA1BC100F67DF1 /* Release */,
			);
			defaultConfigurationIsVisible = 0;
			defaultConfigurationName = Release;
		};
/* End XCConfigurationList section */
	};
	rootObject = A24BAE9D28BA1BBF00F67DF1 /* Project object */;
}
